{
    "_readme": [
        "This file locks the dependencies of your project to a known state",
        "Read more about it at https://getcomposer.org/doc/01-basic-usage.md#installing-dependencies",
        "This file is @generated automatically"
    ],
    "content-hash": "f7d0e2aacdd19c6636140c870357bbd6",
    "packages": [
        {
            "name": "litephp/core",
            "version": "v1.1.7",
            "source": {
                "type": "git",
                "url": "https://github.com/Lazycoder229/litephp.git",
                "reference": "866ebd4e8d850a2901146924e09432ac7a372ee2"
            },
            "dist": {
                "type": "zip",
                "url": "https://api.github.com/repos/Lazycoder229/litephp/zipball/866ebd4e8d850a2901146924e09432ac7a372ee2",
                "reference": "866ebd4e8d850a2901146924e09432ac7a372ee2",
                "shasum": ""
            },
            "require": {
                "php": ">=8.1"
            },
            "require-dev": {
                "phpunit/phpunit": "^11.0"
            },
            "type": "library",
            "autoload": {
                "files": [
                    "Core/helpers.php"
                ],
                "psr-4": {
                    "Core\\": "Core/"
                }
            },
            "notification-url": "https://packagist.org/downloads/",
            "license": [
                "MIT"
            ],
            "description": "LitePHP - A lightweight PHP framework",
            "support": {
                "issues": "https://github.com/Lazycoder229/litephp/issues",
                "source": "https://github.com/Lazycoder229/litephp/tree/v1.1.7"
            },
            "time": "2026-07-22T07:34:44+00:00"
        }
    ],
    "packages-dev": [],
    "aliases": [],
    "minimum-stability": "stable",
    "stability-flags": {},
    "prefer-stable": true,
    "prefer-lowest": false,
    "platform": {},
    "platform-dev": {},
    "plugin-api-version": "2.9.0"
}
